
Microsoft Visual Studio Solution File, Format Version 12.00
# Visual Studio Version 16
VisualStudioVersion = 16.0.31229.75
MinimumVisualStudioVersion = 10.0.40219.1
Project("{FAE04EC0-301F-11D3-BF4B-00C04F79EFBC}") = "nightpractice", "nightpractice\nightpractice.csproj", "{09F1D525-B712-42A0-A3BB-F85FB0C65EA7}"
EndProject
Global
	GlobalSection(SolutionConfigurationPlatforms) = preSolution
		Debug|Any CPU = Debug|Any CPU
		Release|Any CPU = Release|Any CPU
	EndGlobalSection
	GlobalSection(ProjectConfigurationPlatforms) = postSolution
		{09F1D525-B712-42A0-A3BB-F85FB0C65EA7}.Debug|Any CPU.ActiveCfg = Debug|Any CPU
		{09F1D525-B712-42A0-A3BB-F85FB0C65EA7}.Debug|Any CPU.Build.0 = Debug|Any CPU
		{09F1D525-B712-42A0-A3BB-F85FB0C65EA7}.Release|Any CPU.ActiveCfg = Release|Any CPU
		{09F1D525-B712-42A0-A3BB-F85FB0C65EA7}.Release|Any CPU.Build.0 = Release|Any CPU
	EndGlobalSection
	GlobalSection(SolutionProperties) = preSolution
		HideSolutionNode = FALSE
	EndGlobalSection
	GlobalSection(ExtensibilityGlobals) = postSolution
		SolutionGuid = {E3000E96-63B6-4F98-A7EE-3D8E8379B068}
	EndGlobalSection
EndGlobal
